
Microsoft Visual Studio Solution File, Format Version 12.00
# Visual Studio Version 16
VisualStudioVersion = 16.0.28803.202
MinimumVisualStudioVersion = 10.0.40219.1
Project("{FAE04EC0-301F-11D3-BF4B-00C04F79EFBC}") = "ArtificialCircuit", "artificial circuit\ArtificialCircuit.csproj", "{43BA12F6-DB3B-4B74-8188-5A05F76622BA}"
EndProject
Project("{9A19103F-16F7-4668-BE54-9A1E7A4F7556}") = "Library", "Library\Library.csproj", "{8F7F7BEB-19C8-4F29-B503-5FA1D713D3FA}"
EndProject
Project("{FAE04EC0-301F-11D3-BF4B-00C04F79EFBC}") = "UIofAC", "UIofAC\UIofAC.csproj", "{4B73C48B-278B-4C0A-BA0A-95035C2FA95E}"
EndProject
Global
	GlobalSection(SolutionConfigurationPlatforms) = preSolution
		Debug|Any CPU = Debug|Any CPU
		Release|Any CPU = Release|Any CPU
	EndGlobalSection
	GlobalSection(ProjectConfigurationPlatforms) = postSolution
		{43BA12F6-DB3B-4B74-8188-5A05F76622BA}.Debug|Any CPU.ActiveCfg = Debug|Any CPU
		{43BA12F6-DB3B-4B74-8188-5A05F76622BA}.Debug|Any CPU.Build.0 = Debug|Any CPU
		{43BA12F6-DB3B-4B74-8188-5A05F76622BA}.Release|Any CPU.ActiveCfg = Release|Any CPU
		{43BA12F6-DB3B-4B74-8188-5A05F76622BA}.Release|Any CPU.Build.0 = Release|Any CPU
		{8F7F7BEB-19C8-4F29-B503-5FA1D713D3FA}.Debug|Any CPU.ActiveCfg = Debug|Any CPU
		{8F7F7BEB-19C8-4F29-B503-5FA1D713D3FA}.Debug|Any CPU.Build.0 = Debug|Any CPU
		{8F7F7BEB-19C8-4F29-B503-5FA1D713D3FA}.Release|Any CPU.ActiveCfg = Release|Any CPU
		{8F7F7BEB-19C8-4F29-B503-5FA1D713D3FA}.Release|Any CPU.Build.0 = Release|Any CPU
		{4B73C48B-278B-4C0A-BA0A-95035C2FA95E}.Debug|Any CPU.ActiveCfg = Debug|Any CPU
		{4B73C48B-278B-4C0A-BA0A-95035C2FA95E}.Debug|Any CPU.Build.0 = Debug|Any CPU
		{4B73C48B-278B-4C0A-BA0A-95035C2FA95E}.Release|Any CPU.ActiveCfg = Release|Any CPU
		{4B73C48B-278B-4C0A-BA0A-95035C2FA95E}.Release|Any CPU.Build.0 = Release|Any CPU
	EndGlobalSection
	GlobalSection(SolutionProperties) = preSolution
		HideSolutionNode = FALSE
	EndGlobalSection
	GlobalSection(ExtensibilityGlobals) = postSolution
		SolutionGuid = {CCF1EA46-D6EE-4B0D-AE1A-A6B51952D810}
	EndGlobalSection
EndGlobal
